
Microsoft Visual Studio Solution File, Format Version 12.00
# Visual Studio Version 16
VisualStudioVersion = 16.0.29215.179
MinimumVisualStudioVersion = 10.0.40219.1
Project("{FAE04EC0-301F-11D3-BF4B-00C04F79EFBC}") = "BackupMails", "BackupMails.csproj", "{C587A089-B8D0-4F8A-8585-B0A218EB320D}"
EndProject
Global
	GlobalSection(SolutionConfigurationPlatforms) = preSolution
		Debug|Any CPU = Debug|Any CPU
		Release|Any CPU = Release|Any CPU
	EndGlobalSection
	GlobalSection(ProjectConfigurationPlatforms) = postSolution
		{C587A089-B8D0-4F8A-8585-B0A218EB320D}.Debug|Any CPU.ActiveCfg = Debug|Any CPU
		{C587A089-B8D0-4F8A-8585-B0A218EB320D}.Debug|Any CPU.Build.0 = Debug|Any CPU
		{C587A089-B8D0-4F8A-8585-B0A218EB320D}.Release|Any CPU.ActiveCfg = Release|Any CPU
		{C587A089-B8D0-4F8A-8585-B0A218EB320D}.Release|Any CPU.Build.0 = Release|Any CPU
	EndGlobalSection
	GlobalSection(SolutionProperties) = preSolution
		HideSolutionNode = FALSE
	EndGlobalSection
	GlobalSection(ExtensibilityGlobals) = postSolution
		SolutionGuid = {98581B7B-4628-4411-BDC5-1F8F66A26EA8}
	EndGlobalSection
EndGlobal
